
Microsoft Visual Studio Solution File, Format Version 12.00
Project("{FAE04EC0-301F-11D3-BF4B-00C04F79EFBC}") = "Assignment_11.2.2", "Assignment_11.2.2.csproj", "{993EEA9D-80B4-4F2C-8480-6EE722C2E34D}"
EndProject
Global
	GlobalSection(SolutionConfigurationPlatforms) = preSolution
		Debug|Any CPU = Debug|Any CPU
		Release|Any CPU = Release|Any CPU
	EndGlobalSection
	GlobalSection(ProjectConfigurationPlatforms) = postSolution
		{993EEA9D-80B4-4F2C-8480-6EE722C2E34D}.Debug|Any CPU.ActiveCfg = Debug|Any CPU
		{993EEA9D-80B4-4F2C-8480-6EE722C2E34D}.Debug|Any CPU.Build.0 = Debug|Any CPU
		{993EEA9D-80B4-4F2C-8480-6EE722C2E34D}.Release|Any CPU.ActiveCfg = Release|Any CPU
		{993EEA9D-80B4-4F2C-8480-6EE722C2E34D}.Release|Any CPU.Build.0 = Release|Any CPU
	EndGlobalSection
EndGlobal
